<Solution>
  <Folder Name="/Api/">
    <Project Path="GeradorDocumentos.Api/GeradorDocumentos.Api.csproj" />
  </Folder>
  <Folder Name="/Dependencias/">
    <Project Path="Dependencias/GeradorDocumentos.Dominio/GeradorDocumentos.Dominio.csproj" />
    <Project Path="Dependencias/GeradorDocumentos.Infra/GeradorDocumentos.Infra.csproj" Id="ba171e28-6333-48c4-857b-f2537d80d924" />
  </Folder>
</Solution>
